Microsoft Visual Studio Solution File, Format Version 12.00
# Visual Studio Version 17
VisualStudioVersion = 17.7.34031.279
MinimumVisualStudioVersion = 10.0.40219.1
Project("{FAE04EC0-301F-11D3-BF4B-00C04F79EFBC}") = "Othello", "Othello\Othello.csproj", "{41A09845-B391-4385-944A-ED40714EF0A0}"
EndProject
Project("{FAE04EC0-301F-11D3-BF4B-00C04F79EFBC}") = "UnitTests", "UnitTests\UnitTests.csproj", "{7BA91208-CE64-447A-B0D0-66DB62CCAA1C}"
EndProject
Project("{FAE04EC0-301F-11D3-BF4B-00C04F79EFBC}") = "OthelloLib", "OthelloLib\OthelloLib.csproj", "{9FF6A0D3-402F-4856-AA18-F5A604290934}"
EndProject
Project("{FAE04EC0-301F-11D3-BF4B-00C04F79EFBC}") = "ComputerVsComputer", "ComputerPlayers\ComputerVsComputer.csproj", "{C1FF20F4-B6A9-4FB2-923C-EDA0D5591D74}"
EndProject
Project("{FAE04EC0-301F-11D3-BF4B-00C04F79EFBC}") = "Profiling", "Profiling\Profiling.csproj", "{226BDDBF-101F-4646-80EF-BBB8706346A4}"
EndProject
Global
	GlobalSection(SolutionConfigurationPlatforms) = preSolution
		Debug|Any CPU = Debug|Any CPU
		Release|Any CPU = Release|Any CPU
	EndGlobalSection
	GlobalSection(ProjectConfigurationPlatforms) = postSolution
		{41A09845-B391-4385-944A-ED40714EF0A0}.Debug|Any CPU.ActiveCfg = Debug|Any CPU
		{41A09845-B391-4385-944A-ED40714EF0A0}.Debug|Any CPU.Build.0 = Debug|Any CPU
		{41A09845-B391-4385-944A-ED40714EF0A0}.Release|Any CPU.ActiveCfg = Release|Any CPU
		{41A09845-B391-4385-944A-ED40714EF0A0}.Release|Any CPU.Build.0 = Release|Any CPU
		{7BA91208-CE64-447A-B0D0-66DB62CCAA1C}.Debug|Any CPU.ActiveCfg = Debug|Any CPU
		{7BA91208-CE64-447A-B0D0-66DB62CCAA1C}.Debug|Any CPU.Build.0 = Debug|Any CPU
		{7BA91208-CE64-447A-B0D0-66DB62CCAA1C}.Release|Any CPU.ActiveCfg = Release|Any CPU
		{7BA91208-CE64-447A-B0D0-66DB62CCAA1C}.Release|Any CPU.Build.0 = Release|Any CPU
		{9FF6A0D3-402F-4856-AA18-F5A604290934}.Debug|Any CPU.ActiveCfg = Debug|Any CPU
		{9FF6A0D3-402F-4856-AA18-F5A604290934}.Debug|Any CPU.Build.0 = Debug|Any CPU
		{9FF6A0D3-402F-4856-AA18-F5A604290934}.Release|Any CPU.ActiveCfg = Release|Any CPU
		{9FF6A0D3-402F-4856-AA18-F5A604290934}.Release|Any CPU.Build.0 = Release|Any CPU
		{C1FF20F4-B6A9-4FB2-923C-EDA0D5591D74}.Debug|Any CPU.ActiveCfg = Debug|Any CPU
		{C1FF20F4-B6A9-4FB2-923C-EDA0D5591D74}.Debug|Any CPU.Build.0 = Debug|Any CPU
		{C1FF20F4-B6A9-4FB2-923C-EDA0D5591D74}.Release|Any CPU.ActiveCfg = Release|Any CPU
		{C1FF20F4-B6A9-4FB2-923C-EDA0D5591D74}.Release|Any CPU.Build.0 = Release|Any CPU
		{226BDDBF-101F-4646-80EF-BBB8706346A4}.Debug|Any CPU.ActiveCfg = Debug|Any CPU
		{226BDDBF-101F-4646-80EF-BBB8706346A4}.Debug|Any CPU.Build.0 = Debug|Any CPU
		{226BDDBF-101F-4646-80EF-BBB8706346A4}.Release|Any CPU.ActiveCfg = Release|Any CPU
		{226BDDBF-101F-4646-80EF-BBB8706346A4}.Release|Any CPU.Build.0 = Release|Any CPU
	EndGlobalSection
	GlobalSection(SolutionProperties) = preSolution
		HideSolutionNode = FALSE
	EndGlobalSection
	GlobalSection(ExtensibilityGlobals) = postSolution
		SolutionGuid = {AE4EB7B2-F577-4AC5-B895-DB9994803ACA}
	EndGlobalSection
EndGlobal
